
Microsoft Visual Studio Solution File, Format Version 12.00
# Visual Studio Version 16
VisualStudioVersion = 16.0.30225.117
MinimumVisualStudioVersion = 10.0.40219.1
Project("{FAE04EC0-301F-11D3-BF4B-00C04F79EFBC}") = "DynamicArray", "DynamicArray\DynamicArray.csproj", "{99FD0C8C-93E2-43C0-8022-75EBB655DDDE}"
EndProject
Global
	GlobalSection(SolutionConfigurationPlatforms) = preSolution
		Debug|Any CPU = Debug|Any CPU
		Release|Any CPU = Release|Any CPU
	EndGlobalSection
	GlobalSection(ProjectConfigurationPlatforms) = postSolution
		{99FD0C8C-93E2-43C0-8022-75EBB655DDDE}.Debug|Any CPU.ActiveCfg = Debug|Any CPU
		{99FD0C8C-93E2-43C0-8022-75EBB655DDDE}.Debug|Any CPU.Build.0 = Debug|Any CPU
		{99FD0C8C-93E2-43C0-8022-75EBB655DDDE}.Release|Any CPU.ActiveCfg = Release|Any CPU
		{99FD0C8C-93E2-43C0-8022-75EBB655DDDE}.Release|Any CPU.Build.0 = Release|Any CPU
	EndGlobalSection
	GlobalSection(SolutionProperties) = preSolution
		HideSolutionNode = FALSE
	EndGlobalSection
	GlobalSection(ExtensibilityGlobals) = postSolution
		SolutionGuid = {9DEEB5CF-B2E7-4BA1-A94E-06A47FE297DD}
	EndGlobalSection
EndGlobal
